
Microsoft Visual Studio Solution File, Format Version 12.00
# Visual Studio Version 16
VisualStudioVersion = 16.0.30204.135
MinimumVisualStudioVersion = 10.0.40219.1
Project("{FAE04EC0-301F-11D3-BF4B-00C04F79EFBC}") = "myWidget", "myWidget\myWidget.csproj", "{F3FC9C3C-941E-4193-881B-39C1D60B708E}"
EndProject
Global
	GlobalSection(SolutionConfigurationPlatforms) = preSolution
		Debug|Any CPU = Debug|Any CPU
		Release|Any CPU = Release|Any CPU
	EndGlobalSection
	GlobalSection(ProjectConfigurationPlatforms) = postSolution
		{F3FC9C3C-941E-4193-881B-39C1D60B708E}.Debug|Any CPU.ActiveCfg = Debug|Any CPU
		{F3FC9C3C-941E-4193-881B-39C1D60B708E}.Debug|Any CPU.Build.0 = Debug|Any CPU
		{F3FC9C3C-941E-4193-881B-39C1D60B708E}.Release|Any CPU.ActiveCfg = Release|Any CPU
		{F3FC9C3C-941E-4193-881B-39C1D60B708E}.Release|Any CPU.Build.0 = Release|Any CPU
	EndGlobalSection
	GlobalSection(SolutionProperties) = preSolution
		HideSolutionNode = FALSE
	EndGlobalSection
	GlobalSection(ExtensibilityGlobals) = postSolution
		SolutionGuid = {2DC26645-2CCE-4BC3-A809-07514652B0DD}
	EndGlobalSection
EndGlobal
